{
  "name": "vee-image",
  "version": "1.0.1-dev",
  "lockfileVersion": 1,
  "requires": true,
  "dependencies": {
    "image2d": {
      "version": "1.8.0",
      "resolved": "https://registry.npmjs.org/image2d/-/image2d-1.8.0.tgz",
      "integrity": "sha512-0QFbp492xmmXWyI4yQjLJrFGRa4w/Yvl2A31NSQhOlEl8lmRTC3mk8B6DBpxm7x6gdmG7wL7oCRWlrldqURlCg=="
    },
    "image3d": {
      "version": "2.0.8",
      "resolved": "https://registry.npmjs.org/image3d/-/image3d-2.0.8.tgz",
      "integrity": "sha512-CHqbHdkPRJqTcCHRZSSheAdJE7tghhliQADXazfMrN43Aq/RFEHEbeTZI5McFdVqHwpmlWUkqofm7IRxZVTmSw=="
    }
  }
}
