{
  "name": "vee-image",
  "version": "1.0.1-dev",
  "lockfileVersion": 1,
  "requires": true,
  "dependencies": {
    "image2d": {
      "version": "1.8.1",
      "resolved": "https://registry.npmjs.org/image2d/-/image2d-1.8.1.tgz",
      "integrity": "sha512-pMJ6FmIFE9lyLuv1t+77UiHHpuOjqUmCZ/civwM24j06Ue1S9L95KHuR5hYu2HtIB31HNVTjjfbw8d9XVl7QUw=="
    },
    "image3d": {
      "version": "2.0.8",
      "resolved": "https://registry.npmjs.org/image3d/-/image3d-2.0.8.tgz",
      "integrity": "sha512-CHqbHdkPRJqTcCHRZSSheAdJE7tghhliQADXazfMrN43Aq/RFEHEbeTZI5McFdVqHwpmlWUkqofm7IRxZVTmSw=="
    }
  }
}
